
Microsoft Visual Studio Solution File, Format Version 12.00
# Visual Studio Version 17
VisualStudioVersion = 17.5.002.0
MinimumVisualStudioVersion = 10.0.40219.1
Project("{9A19103F-16F7-4668-BE54-9A1E7A4F7556}") = "NumberBlockSorting", "NumberBlockSorting.csproj", "{B6B23CDB-555F-4439-BB34-D7E8DC558A5B}"
EndProject
Global
	GlobalSection(SolutionConfigurationPlatforms) = preSolution
		Debug|Any CPU = Debug|Any CPU
		Release|Any CPU = Release|Any CPU
	EndGlobalSection
	GlobalSection(ProjectConfigurationPlatforms) = postSolution
		{B6B23CDB-555F-4439-BB34-D7E8DC558A5B}.Debug|Any CPU.ActiveCfg = Debug|Any CPU
		{B6B23CDB-555F-4439-BB34-D7E8DC558A5B}.Debug|Any CPU.Build.0 = Debug|Any CPU
		{B6B23CDB-555F-4439-BB34-D7E8DC558A5B}.Release|Any CPU.ActiveCfg = Release|Any CPU
		{B6B23CDB-555F-4439-BB34-D7E8DC558A5B}.Release|Any CPU.Build.0 = Release|Any CPU
	EndGlobalSection
	GlobalSection(SolutionProperties) = preSolution
		HideSolutionNode = FALSE
	EndGlobalSection
	GlobalSection(ExtensibilityGlobals) = postSolution
		SolutionGuid = {E06B50DA-4493-4B48-A533-33FCFF0F71C3}
	EndGlobalSection
EndGlobal
